
Microsoft Visual Studio Solution File, Format Version 12.00
# Visual Studio Version 17
VisualStudioVersion = 17.3.32929.385
MinimumVisualStudioVersion = 10.0.40219.1
Project("{FAE04EC0-301F-11D3-BF4B-00C04F79EFBC}") = "RealTimeApp.Server", "RealTimeApp\Server\RealTimeApp.Server.csproj", "{4C4C9237-C5B0-43FA-9948-E453591DB3A8}"
EndProject
Project("{FAE04EC0-301F-11D3-BF4B-00C04F79EFBC}") = "RealTimeApp.Client", "RealTimeApp\Client\RealTimeApp.Client.csproj", "{0E5B14BF-9D76-47E7-A5C9-76B2E858CE26}"
EndProject
Project("{FAE04EC0-301F-11D3-BF4B-00C04F79EFBC}") = "RealTimeApp.Shared", "RealTimeApp\Shared\RealTimeApp.Shared.csproj", "{30C02F40-38A2-48C0-8363-D1A0D7B389F6}"
EndProject
Global
	GlobalSection(SolutionConfigurationPlatforms) = preSolution
		Debug|Any CPU = Debug|Any CPU
		Release|Any CPU = Release|Any CPU
	EndGlobalSection
	GlobalSection(ProjectConfigurationPlatforms) = postSolution
		{4C4C9237-C5B0-43FA-9948-E453591DB3A8}.Debug|Any CPU.ActiveCfg = Debug|Any CPU
		{4C4C9237-C5B0-43FA-9948-E453591DB3A8}.Debug|Any CPU.Build.0 = Debug|Any CPU
		{4C4C9237-C5B0-43FA-9948-E453591DB3A8}.Release|Any CPU.ActiveCfg = Release|Any CPU
		{4C4C9237-C5B0-43FA-9948-E453591DB3A8}.Release|Any CPU.Build.0 = Release|Any CPU
		{0E5B14BF-9D76-47E7-A5C9-76B2E858CE26}.Debug|Any CPU.ActiveCfg = Debug|Any CPU
		{0E5B14BF-9D76-47E7-A5C9-76B2E858CE26}.Debug|Any CPU.Build.0 = Debug|Any CPU
		{0E5B14BF-9D76-47E7-A5C9-76B2E858CE26}.Release|Any CPU.ActiveCfg = Release|Any CPU
		{0E5B14BF-9D76-47E7-A5C9-76B2E858CE26}.Release|Any CPU.Build.0 = Release|Any CPU
		{30C02F40-38A2-48C0-8363-D1A0D7B389F6}.Debug|Any CPU.ActiveCfg = Debug|Any CPU
		{30C02F40-38A2-48C0-8363-D1A0D7B389F6}.Debug|Any CPU.Build.0 = Debug|Any CPU
		{30C02F40-38A2-48C0-8363-D1A0D7B389F6}.Release|Any CPU.ActiveCfg = Release|Any CPU
		{30C02F40-38A2-48C0-8363-D1A0D7B389F6}.Release|Any CPU.Build.0 = Release|Any CPU
	EndGlobalSection
	GlobalSection(SolutionProperties) = preSolution
		HideSolutionNode = FALSE
	EndGlobalSection
	GlobalSection(ExtensibilityGlobals) = postSolution
		SolutionGuid = {865C8DE8-0959-4484-804F-CB17714D3AC7}
	EndGlobalSection
EndGlobal
